
Microsoft Visual Studio Solution File, Format Version 12.00
# Visual Studio Version 17
VisualStudioVersion = 17.0.31903.59
MinimumVisualStudioVersion = 10.0.40219.1
Project("{9A19103F-16F7-4668-BE54-9A1E7A4F7556}") = "CI-Platform", "CI-Platform\CI-Platform.csproj", "{99DCCA54-AB7A-4D38-9E02-E9D9469472A5}"
EndProject
Project("{FAE04EC0-301F-11D3-BF4B-00C04F79EFBC}") = "CI-Platfrom.Entities", "CI-Platfrom.Entities\CI-Platfrom.Entities.csproj", "{354B234C-A056-4739-A48A-7F7E3028BD16}"
EndProject
Project("{FAE04EC0-301F-11D3-BF4B-00C04F79EFBC}") = "CI-Platfrom.Repository", "CI-Platfrom.Repository\CI-Platfrom.Repository.csproj", "{98D52850-474E-4D8C-A63F-265549C88867}"
EndProject
Global
	GlobalSection(SolutionConfigurationPlatforms) = preSolution
		Debug|Any CPU = Debug|Any CPU
		Release|Any CPU = Release|Any CPU
	EndGlobalSection
	GlobalSection(ProjectConfigurationPlatforms) = postSolution
		{99DCCA54-AB7A-4D38-9E02-E9D9469472A5}.Debug|Any CPU.ActiveCfg = Debug|Any CPU
		{99DCCA54-AB7A-4D38-9E02-E9D9469472A5}.Debug|Any CPU.Build.0 = Debug|Any CPU
		{99DCCA54-AB7A-4D38-9E02-E9D9469472A5}.Release|Any CPU.ActiveCfg = Release|Any CPU
		{99DCCA54-AB7A-4D38-9E02-E9D9469472A5}.Release|Any CPU.Build.0 = Release|Any CPU
		{354B234C-A056-4739-A48A-7F7E3028BD16}.Debug|Any CPU.ActiveCfg = Debug|Any CPU
		{354B234C-A056-4739-A48A-7F7E3028BD16}.Debug|Any CPU.Build.0 = Debug|Any CPU
		{354B234C-A056-4739-A48A-7F7E3028BD16}.Release|Any CPU.ActiveCfg = Release|Any CPU
		{354B234C-A056-4739-A48A-7F7E3028BD16}.Release|Any CPU.Build.0 = Release|Any CPU
		{98D52850-474E-4D8C-A63F-265549C88867}.Debug|Any CPU.ActiveCfg = Debug|Any CPU
		{98D52850-474E-4D8C-A63F-265549C88867}.Debug|Any CPU.Build.0 = Debug|Any CPU
		{98D52850-474E-4D8C-A63F-265549C88867}.Release|Any CPU.ActiveCfg = Release|Any CPU
		{98D52850-474E-4D8C-A63F-265549C88867}.Release|Any CPU.Build.0 = Release|Any CPU
	EndGlobalSection
	GlobalSection(SolutionProperties) = preSolution
		HideSolutionNode = FALSE
	EndGlobalSection
	GlobalSection(ExtensibilityGlobals) = postSolution
		SolutionGuid = {0DB44F41-3D52-4F37-A6CC-A385BB6D054C}
	EndGlobalSection
EndGlobal
